
Microsoft Visual Studio Solution File, Format Version 12.00
# Visual Studio 15
VisualStudioVersion = 15.0.28307.902
MinimumVisualStudioVersion = 10.0.40219.1
Project("{FAE04EC0-301F-11D3-BF4B-00C04F79EFBC}") = "BLPConverterGUI", "BLPConverterGUI.csproj", "{D07E7425-8188-4F34-A921-50AE9ACA9EC0}"
EndProject
Global
	GlobalSection(SolutionConfigurationPlatforms) = preSolution
		Debug|Any CPU = Debug|Any CPU
		Release|Any CPU = Release|Any CPU
	EndGlobalSection
	GlobalSection(ProjectConfigurationPlatforms) = postSolution
		{D07E7425-8188-4F34-A921-50AE9ACA9EC0}.Debug|Any CPU.ActiveCfg = Debug|Any CPU
		{D07E7425-8188-4F34-A921-50AE9ACA9EC0}.Debug|Any CPU.Build.0 = Debug|Any CPU
		{D07E7425-8188-4F34-A921-50AE9ACA9EC0}.Release|Any CPU.ActiveCfg = Release|Any CPU
		{D07E7425-8188-4F34-A921-50AE9ACA9EC0}.Release|Any CPU.Build.0 = Release|Any CPU
	EndGlobalSection
	GlobalSection(SolutionProperties) = preSolution
		HideSolutionNode = FALSE
	EndGlobalSection
	GlobalSection(ExtensibilityGlobals) = postSolution
		SolutionGuid = {A1E21DA3-9F2F-41A7-8868-46ECAE56B764}
	EndGlobalSection
EndGlobal
